// !$*UTF8*$!
{
	archiveVersion = 1;
	classes = {
	};
	objectVersion = 56;
	objects = {

/* Begin PBXBuildFile section */
		7C336B1E2924E79F00040705 /* main.swift in Sources */ = {isa = PBXBuildFile; fileRef = 7C336B1D2924E79F00040705 /* main.swift */; };
		7C336B2C2925017000040705 /* main.swift in Sources */ = {isa = PBXBuildFile; fileRef = 7C336B2B2925017000040705 /* main.swift */; };
		7C3F078A292CCE9C00353958 /* main.swift in Sources */ = {isa = PBXBuildFile; fileRef = 7C3F0789292CCE9C00353958 /* main.swift */; };
		7C3F0795292CE31100353958 /* main.swift in Sources */ = {isa = PBXBuildFile; fileRef = 7C3F0794292CE31100353958 /* main.swift */; };
		7C3F07A0292CE70C00353958 /* main.swift in Sources */ = {isa = PBXBuildFile; fileRef = 7C3F079F292CE70C00353958 /* main.swift */; };
		7C3F07AB292CFA8900353958 /* main.swift in Sources */ = {isa = PBXBuildFile; fileRef = 7C3F07AA292CFA8900353958 /* main.swift */; };
		7CB449D22927FFD700CB70E1 /* main.swift in Sources */ = {isa = PBXBuildFile; fileRef = 7CB449D12927FFD700CB70E1 /* main.swift */; };
		7CBB7A19292B8E2F007F5582 /* main.swift in Sources */ = {isa = PBXBuildFile; fileRef = 7CBB7A18292B8E2F007F5582 /* main.swift */; };
		7CBB7A24292BC551007F5582 /* main.swift in Sources */ = {isa = PBXBuildFile; fileRef = 7CBB7A23292BC551007F5582 /* main.swift */; };
		7CBB7A2F292BCDB8007F5582 /* main.swift in Sources */ = {isa = PBXBuildFile; fileRef = 7CBB7A2E292BCDB8007F5582 /* main.swift */; };
/* End PBXBuildFile section */

/* Begin PBXCopyFilesBuildPhase section */
		7C336B182924E79F00040705 /* CopyFiles */ = {
			isa = PBXCopyFilesBuildPhase;
			buildActionMask = 2147483647;
			dstPath = /usr/share/man/man1/;
			dstSubfolderSpec = 0;
			files = (
			);
			runOnlyForDeploymentPostprocessing = 1;
		};
		7C336B272925017000040705 /* CopyFiles */ = {
			isa = PBXCopyFilesBuildPhase;
			buildActionMask = 2147483647;
			dstPath = /usr/share/man/man1/;
			dstSubfolderSpec = 0;
			files = (
			);
			runOnlyForDeploymentPostprocessing = 1;
		};
		7C3F0785292CCE9C00353958 /* CopyFiles */ = {
			isa = PBXCopyFilesBuildPhase;
			buildActionMask = 2147483647;
			dstPath = /usr/share/man/man1/;
			dstSubfolderSpec = 0;
			files = (
			);
			runOnlyForDeploymentPostprocessing = 1;
		};
		7C3F0790292CE31100353958 /* CopyFiles */ = {
			isa = PBXCopyFilesBuildPhase;
			buildActionMask = 2147483647;
			dstPath = /usr/share/man/man1/;
			dstSubfolderSpec = 0;
			files = (
			);
			runOnlyForDeploymentPostprocessing = 1;
		};
		7C3F079B292CE70C00353958 /* CopyFiles */ = {
			isa = PBXCopyFilesBuildPhase;
			buildActionMask = 2147483647;
			dstPath = /usr/share/man/man1/;
			dstSubfolderSpec = 0;
			files = (
			);
			runOnlyForDeploymentPostprocessing = 1;
		};
		7C3F07A6292CFA8900353958 /* CopyFiles */ = {
			isa = PBXCopyFilesBuildPhase;
			buildActionMask = 2147483647;
			dstPath = /usr/share/man/man1/;
			dstSubfolderSpec = 0;
			files = (
			);
			runOnlyForDeploymentPostprocessing = 1;
		};
		7CB449CD2927FFD700CB70E1 /* CopyFiles */ = {
			isa = PBXCopyFilesBuildPhase;
			buildActionMask = 2147483647;
			dstPath = /usr/share/man/man1/;
			dstSubfolderSpec = 0;
			files = (
			);
			runOnlyForDeploymentPostprocessing = 1;
		};
		7CBB7A14292B8E2F007F5582 /* CopyFiles */ = {
			isa = PBXCopyFilesBuildPhase;
			buildActionMask = 2147483647;
			dstPath = /usr/share/man/man1/;
			dstSubfolderSpec = 0;
			files = (
			);
			runOnlyForDeploymentPostprocessing = 1;
		};
		7CBB7A1F292BC551007F5582 /* CopyFiles */ = {
			isa = PBXCopyFilesBuildPhase;
			buildActionMask = 2147483647;
			dstPath = /usr/share/man/man1/;
			dstSubfolderSpec = 0;
			files = (
			);
			runOnlyForDeploymentPostprocessing = 1;
		};
		7CBB7A2A292BCDB8007F5582 /* CopyFiles */ = {
			isa = PBXCopyFilesBuildPhase;
			buildActionMask = 2147483647;
			dstPath = /usr/share/man/man1/;
			dstSubfolderSpec = 0;
			files = (
			);
			runOnlyForDeploymentPostprocessing = 1;
		};
/* End PBXCopyFilesBuildPhase section */

/* Begin PBXFileReference section */
		7C336B1A2924E79F00040705 /* learning */ = {isa = PBXFileReference; explicitFileType = "compiled.mach-o.executable"; includeInIndex = 0; path = learning; sourceTree = BUILT_PRODUCTS_DIR; };
		7C336B1D2924E79F00040705 /* main.swift */ = {isa = PBXFileReference; lastKnownFileType = sourcecode.swift; path = main.swift; sourceTree = "<group>"; };
		7C336B242924E81400040705 /* .gitignore */ = {isa = PBXFileReference; lastKnownFileType = text; path = .gitignore; sourceTree = "<group>"; };
		7C336B292925017000040705 /* task3 */ = {isa = PBXFileReference; explicitFileType = "compiled.mach-o.executable"; includeInIndex = 0; path = task3; sourceTree = BUILT_PRODUCTS_DIR; };
		7C336B2B2925017000040705 /* main.swift */ = {isa = PBXFileReference; lastKnownFileType = sourcecode.swift; path = main.swift; sourceTree = "<group>"; };
		7C3F0787292CCE9C00353958 /* task8 */ = {isa = PBXFileReference; explicitFileType = "compiled.mach-o.executable"; includeInIndex = 0; path = task8; sourceTree = BUILT_PRODUCTS_DIR; };
		7C3F0789292CCE9C00353958 /* main.swift */ = {isa = PBXFileReference; lastKnownFileType = sourcecode.swift; path = main.swift; sourceTree = "<group>"; };
		7C3F0792292CE31100353958 /* task9 */ = {isa = PBXFileReference; explicitFileType = "compiled.mach-o.executable"; includeInIndex = 0; path = task9; sourceTree = BUILT_PRODUCTS_DIR; };
		7C3F0794292CE31100353958 /* main.swift */ = {isa = PBXFileReference; lastKnownFileType = sourcecode.swift; path = main.swift; sourceTree = "<group>"; };
		7C3F079D292CE70C00353958 /* task10 */ = {isa = PBXFileReference; explicitFileType = "compiled.mach-o.executable"; includeInIndex = 0; path = task10; sourceTree = BUILT_PRODUCTS_DIR; };
		7C3F079F292CE70C00353958 /* main.swift */ = {isa = PBXFileReference; lastKnownFileType = sourcecode.swift; path = main.swift; sourceTree = "<group>"; };
		7C3F07A8292CFA8900353958 /* task11 */ = {isa = PBXFileReference; explicitFileType = "compiled.mach-o.executable"; includeInIndex = 0; path = task11; sourceTree = BUILT_PRODUCTS_DIR; };
		7C3F07AA292CFA8900353958 /* main.swift */ = {isa = PBXFileReference; lastKnownFileType = sourcecode.swift; path = main.swift; sourceTree = "<group>"; };
		7CB449CF2927FFD700CB70E1 /* task4 */ = {isa = PBXFileReference; explicitFileType = "compiled.mach-o.executable"; includeInIndex = 0; path = task4; sourceTree = BUILT_PRODUCTS_DIR; };
		7CB449D12927FFD700CB70E1 /* main.swift */ = {isa = PBXFileReference; lastKnownFileType = sourcecode.swift; path = main.swift; sourceTree = "<group>"; };
		7CBB7A16292B8E2F007F5582 /* task5 */ = {isa = PBXFileReference; explicitFileType = "compiled.mach-o.executable"; includeInIndex = 0; path = task5; sourceTree = BUILT_PRODUCTS_DIR; };
		7CBB7A18292B8E2F007F5582 /* main.swift */ = {isa = PBXFileReference; lastKnownFileType = sourcecode.swift; path = main.swift; sourceTree = "<group>"; };
		7CBB7A21292BC551007F5582 /* task6 */ = {isa = PBXFileReference; explicitFileType = "compiled.mach-o.executable"; includeInIndex = 0; path = task6; sourceTree = BUILT_PRODUCTS_DIR; };
		7CBB7A23292BC551007F5582 /* main.swift */ = {isa = PBXFileReference; lastKnownFileType = sourcecode.swift; path = main.swift; sourceTree = "<group>"; };
		7CBB7A2C292BCDB8007F5582 /* task7 */ = {isa = PBXFileReference; explicitFileType = "compiled.mach-o.executable"; includeInIndex = 0; path = task7; sourceTree = BUILT_PRODUCTS_DIR; };
		7CBB7A2E292BCDB8007F5582 /* main.swift */ = {isa = PBXFileReference; lastKnownFileType = sourcecode.swift; path = main.swift; sourceTree = "<group>"; };
/* End PBXFileReference section */

/* Begin PBXFrameworksBuildPhase section */
		7C336B172924E79F00040705 /* Frameworks */ = {
			isa = PBXFrameworksBuildPhase;
			buildActionMask = 2147483647;
			files = (
			);
			runOnlyForDeploymentPostprocessing = 0;
		};
		7C336B262925017000040705 /* Frameworks */ = {
			isa = PBXFrameworksBuildPhase;
			buildActionMask = 2147483647;
			files = (
			);
			runOnlyForDeploymentPostprocessing = 0;
		};
		7C3F0784292CCE9C00353958 /* Frameworks */ = {
			isa = PBXFrameworksBuildPhase;
			buildActionMask = 2147483647;
			files = (
			);
			runOnlyForDeploymentPostprocessing = 0;
		};
		7C3F078F292CE31100353958 /* Frameworks */ = {
			isa = PBXFrameworksBuildPhase;
			buildActionMask = 2147483647;
			files = (
			);
			runOnlyForDeploymentPostprocessing = 0;
		};
		7C3F079A292CE70C00353958 /* Frameworks */ = {
			isa = PBXFrameworksBuildPhase;
			buildActionMask = 2147483647;
			files = (
			);
			runOnlyForDeploymentPostprocessing = 0;
		};
		7C3F07A5292CFA8900353958 /* Frameworks */ = {
			isa = PBXFrameworksBuildPhase;
			buildActionMask = 2147483647;
			files = (
			);
			runOnlyForDeploymentPostprocessing = 0;
		};
		7CB449CC2927FFD700CB70E1 /* Frameworks */ = {
			isa = PBXFrameworksBuildPhase;
			buildActionMask = 2147483647;
			files = (
			);
			runOnlyForDeploymentPostprocessing = 0;
		};
		7CBB7A13292B8E2F007F5582 /* Frameworks */ = {
			isa = PBXFrameworksBuildPhase;
			buildActionMask = 2147483647;
			files = (
			);
			runOnlyForDeploymentPostprocessing = 0;
		};
		7CBB7A1E292BC551007F5582 /* Frameworks */ = {
			isa = PBXFrameworksBuildPhase;
			buildActionMask = 2147483647;
			files = (
			);
			runOnlyForDeploymentPostprocessing = 0;
		};
		7CBB7A29292BCDB8007F5582 /* Frameworks */ = {
			isa = PBXFrameworksBuildPhase;
			buildActionMask = 2147483647;
			files = (
			);
			runOnlyForDeploymentPostprocessing = 0;
		};
/* End PBXFrameworksBuildPhase section */

/* Begin PBXGroup section */
		7C336B112924E79F00040705 = {
			isa = PBXGroup;
			children = (
				7C336B242924E81400040705 /* .gitignore */,
				7C336B1C2924E79F00040705 /* learning */,
				7C336B2A2925017000040705 /* task3 */,
				7CB449D02927FFD700CB70E1 /* task4 */,
				7CBB7A17292B8E2F007F5582 /* task5 */,
				7CBB7A22292BC551007F5582 /* task6 */,
				7CBB7A2D292BCDB8007F5582 /* task7 */,
				7C3F0788292CCE9C00353958 /* task8 */,
				7C3F0793292CE31100353958 /* task9 */,
				7C3F079E292CE70C00353958 /* task10 */,
				7C3F07A9292CFA8900353958 /* task11 */,
				7C336B1B2924E79F00040705 /* Products */,
			);
			sourceTree = "<group>";
		};
		7C336B1B2924E79F00040705 /* Products */ = {
			isa = PBXGroup;
			children = (
				7C336B1A2924E79F00040705 /* learning */,
				7C336B292925017000040705 /* task3 */,
				7CB449CF2927FFD700CB70E1 /* task4 */,
				7CBB7A16292B8E2F007F5582 /* task5 */,
				7CBB7A21292BC551007F5582 /* task6 */,
				7CBB7A2C292BCDB8007F5582 /* task7 */,
				7C3F0787292CCE9C00353958 /* task8 */,
				7C3F0792292CE31100353958 /* task9 */,
				7C3F079D292CE70C00353958 /* task10 */,
				7C3F07A8292CFA8900353958 /* task11 */,
			);
			name = Products;
			sourceTree = "<group>";
		};
		7C336B1C2924E79F00040705 /* learning */ = {
			isa = PBXGroup;
			children = (
				7C336B1D2924E79F00040705 /* main.swift */,
			);
			path = learning;
			sourceTree = "<group>";
		};
		7C336B2A2925017000040705 /* task3 */ = {
			isa = PBXGroup;
			children = (
				7C336B2B2925017000040705 /* main.swift */,
			);
			path = task3;
			sourceTree = "<group>";
		};
		7C3F0788292CCE9C00353958 /* task8 */ = {
			isa = PBXGroup;
			children = (
				7C3F0789292CCE9C00353958 /* main.swift */,
			);
			path = task8;
			sourceTree = "<group>";
		};
		7C3F0793292CE31100353958 /* task9 */ = {
			isa = PBXGroup;
			children = (
				7C3F0794292CE31100353958 /* main.swift */,
			);
			path = task9;
			sourceTree = "<group>";
		};
		7C3F079E292CE70C00353958 /* task10 */ = {
			isa = PBXGroup;
			children = (
				7C3F079F292CE70C00353958 /* main.swift */,
			);
			path = task10;
			sourceTree = "<group>";
		};
		7C3F07A9292CFA8900353958 /* task11 */ = {
			isa = PBXGroup;
			children = (
				7C3F07AA292CFA8900353958 /* main.swift */,
			);
			path = task11;
			sourceTree = "<group>";
		};
		7CB449D02927FFD700CB70E1 /* task4 */ = {
			isa = PBXGroup;
			children = (
				7CB449D12927FFD700CB70E1 /* main.swift */,
			);
			path = task4;
			sourceTree = "<group>";
		};
		7CBB7A17292B8E2F007F5582 /* task5 */ = {
			isa = PBXGroup;
			children = (
				7CBB7A18292B8E2F007F5582 /* main.swift */,
			);
			path = task5;
			sourceTree = "<group>";
		};
		7CBB7A22292BC551007F5582 /* task6 */ = {
			isa = PBXGroup;
			children = (
				7CBB7A23292BC551007F5582 /* main.swift */,
			);
			path = task6;
			sourceTree = "<group>";
		};
		7CBB7A2D292BCDB8007F5582 /* task7 */ = {
			isa = PBXGroup;
			children = (
				7CBB7A2E292BCDB8007F5582 /* main.swift */,
			);
			path = task7;
			sourceTree = "<group>";
		};
/* End PBXGroup section */

/* Begin PBXNativeTarget section */
		7C336B192924E79F00040705 /* learning */ = {
			isa = PBXNativeTarget;
			buildConfigurationList = 7C336B212924E79F00040705 /* Build configuration list for PBXNativeTarget "learning" */;
			buildPhases = (
				7C336B162924E79F00040705 /* Sources */,
				7C336B172924E79F00040705 /* Frameworks */,
				7C336B182924E79F00040705 /* CopyFiles */,
			);
			buildRules = (
			);
			dependencies = (
			);
			name = learning;
			productName = learning;
			productReference = 7C336B1A2924E79F00040705 /* learning */;
			productType = "com.apple.product-type.tool";
		};
		7C336B282925017000040705 /* task3 */ = {
			isa = PBXNativeTarget;
			buildConfigurationList = 7C336B2D2925017000040705 /* Build configuration list for PBXNativeTarget "task3" */;
			buildPhases = (
				7C336B252925017000040705 /* Sources */,
				7C336B262925017000040705 /* Frameworks */,
				7C336B272925017000040705 /* CopyFiles */,
			);
			buildRules = (
			);
			dependencies = (
			);
			name = task3;
			productName = task3;
			productReference = 7C336B292925017000040705 /* task3 */;
			productType = "com.apple.product-type.tool";
		};
		7C3F0786292CCE9C00353958 /* task8 */ = {
			isa = PBXNativeTarget;
			buildConfigurationList = 7C3F078D292CCE9C00353958 /* Build configuration list for PBXNativeTarget "task8" */;
			buildPhases = (
				7C3F0783292CCE9C00353958 /* Sources */,
				7C3F0784292CCE9C00353958 /* Frameworks */,
				7C3F0785292CCE9C00353958 /* CopyFiles */,
			);
			buildRules = (
			);
			dependencies = (
			);
			name = task8;
			productName = task8;
			productReference = 7C3F0787292CCE9C00353958 /* task8 */;
			productType = "com.apple.product-type.tool";
		};
		7C3F0791292CE31100353958 /* task9 */ = {
			isa = PBXNativeTarget;
			buildConfigurationList = 7C3F0796292CE31100353958 /* Build configuration list for PBXNativeTarget "task9" */;
			buildPhases = (
				7C3F078E292CE31100353958 /* Sources */,
				7C3F078F292CE31100353958 /* Frameworks */,
				7C3F0790292CE31100353958 /* CopyFiles */,
			);
			buildRules = (
			);
			dependencies = (
			);
			name = task9;
			productName = task9;
			productReference = 7C3F0792292CE31100353958 /* task9 */;
			productType = "com.apple.product-type.tool";
		};
		7C3F079C292CE70C00353958 /* task10 */ = {
			isa = PBXNativeTarget;
			buildConfigurationList = 7C3F07A1292CE70C00353958 /* Build configuration list for PBXNativeTarget "task10" */;
			buildPhases = (
				7C3F0799292CE70C00353958 /* Sources */,
				7C3F079A292CE70C00353958 /* Frameworks */,
				7C3F079B292CE70C00353958 /* CopyFiles */,
			);
			buildRules = (
			);
			dependencies = (
			);
			name = task10;
			productName = task10;
			productReference = 7C3F079D292CE70C00353958 /* task10 */;
			productType = "com.apple.product-type.tool";
		};
		7C3F07A7292CFA8900353958 /* task11 */ = {
			isa = PBXNativeTarget;
			buildConfigurationList = 7C3F07AC292CFA8900353958 /* Build configuration list for PBXNativeTarget "task11" */;
			buildPhases = (
				7C3F07A4292CFA8900353958 /* Sources */,
				7C3F07A5292CFA8900353958 /* Frameworks */,
				7C3F07A6292CFA8900353958 /* CopyFiles */,
			);
			buildRules = (
			);
			dependencies = (
			);
			name = task11;
			productName = task11;
			productReference = 7C3F07A8292CFA8900353958 /* task11 */;
			productType = "com.apple.product-type.tool";
		};
		7CB449CE2927FFD700CB70E1 /* task4 */ = {
			isa = PBXNativeTarget;
			buildConfigurationList = 7CB449D52927FFD700CB70E1 /* Build configuration list for PBXNativeTarget "task4" */;
			buildPhases = (
				7CB449CB2927FFD700CB70E1 /* Sources */,
				7CB449CC2927FFD700CB70E1 /* Frameworks */,
				7CB449CD2927FFD700CB70E1 /* CopyFiles */,
			);
			buildRules = (
			);
			dependencies = (
			);
			name = task4;
			productName = task4;
			productReference = 7CB449CF2927FFD700CB70E1 /* task4 */;
			productType = "com.apple.product-type.tool";
		};
		7CBB7A15292B8E2F007F5582 /* task5 */ = {
			isa = PBXNativeTarget;
			buildConfigurationList = 7CBB7A1C292B8E2F007F5582 /* Build configuration list for PBXNativeTarget "task5" */;
			buildPhases = (
				7CBB7A12292B8E2F007F5582 /* Sources */,
				7CBB7A13292B8E2F007F5582 /* Frameworks */,
				7CBB7A14292B8E2F007F5582 /* CopyFiles */,
			);
			buildRules = (
			);
			dependencies = (
			);
			name = task5;
			productName = task5;
			productReference = 7CBB7A16292B8E2F007F5582 /* task5 */;
			productType = "com.apple.product-type.tool";
		};
		7CBB7A20292BC551007F5582 /* task6 */ = {
			isa = PBXNativeTarget;
			buildConfigurationList = 7CBB7A27292BC551007F5582 /* Build configuration list for PBXNativeTarget "task6" */;
			buildPhases = (
				7CBB7A1D292BC551007F5582 /* Sources */,
				7CBB7A1E292BC551007F5582 /* Frameworks */,
				7CBB7A1F292BC551007F5582 /* CopyFiles */,
			);
			buildRules = (
			);
			dependencies = (
			);
			name = task6;
			productName = task6;
			productReference = 7CBB7A21292BC551007F5582 /* task6 */;
			productType = "com.apple.product-type.tool";
		};
		7CBB7A2B292BCDB8007F5582 /* task7 */ = {
			isa = PBXNativeTarget;
			buildConfigurationList = 7CBB7A30292BCDB8007F5582 /* Build configuration list for PBXNativeTarget "task7" */;
			buildPhases = (
				7CBB7A28292BCDB8007F5582 /* Sources */,
				7CBB7A29292BCDB8007F5582 /* Frameworks */,
				7CBB7A2A292BCDB8007F5582 /* CopyFiles */,
			);
			buildRules = (
			);
			dependencies = (
			);
			name = task7;
			productName = task7;
			productReference = 7CBB7A2C292BCDB8007F5582 /* task7 */;
			productType = "com.apple.product-type.tool";
		};
/* End PBXNativeTarget section */

/* Begin PBXProject section */
		7C336B122924E79F00040705 /* Project object */ = {
			isa = PBXProject;
			attributes = {
				BuildIndependentTargetsInParallel = 1;
				LastSwiftUpdateCheck = 1410;
				LastUpgradeCheck = 1410;
				TargetAttributes = {
					7C336B192924E79F00040705 = {
						CreatedOnToolsVersion = 14.1;
					};
					7C336B282925017000040705 = {
						CreatedOnToolsVersion = 14.1;
					};
					7C3F0786292CCE9C00353958 = {
						CreatedOnToolsVersion = 14.1;
					};
					7C3F0791292CE31100353958 = {
						CreatedOnToolsVersion = 14.1;
					};
					7C3F079C292CE70C00353958 = {
						CreatedOnToolsVersion = 14.1;
					};
					7C3F07A7292CFA8900353958 = {
						CreatedOnToolsVersion = 14.1;
					};
					7CB449CE2927FFD700CB70E1 = {
						CreatedOnToolsVersion = 14.1;
					};
					7CBB7A15292B8E2F007F5582 = {
						CreatedOnToolsVersion = 14.1;
					};
					7CBB7A20292BC551007F5582 = {
						CreatedOnToolsVersion = 14.1;
					};
					7CBB7A2B292BCDB8007F5582 = {
						CreatedOnToolsVersion = 14.1;
					};
				};
			};
			buildConfigurationList = 7C336B152924E79F00040705 /* Build configuration list for PBXProject "learning" */;
			compatibilityVersion = "Xcode 14.0";
			developmentRegion = en;
			hasScannedForEncodings = 0;
			knownRegions = (
				en,
				Base,
			);
			mainGroup = 7C336B112924E79F00040705;
			productRefGroup = 7C336B1B2924E79F00040705 /* Products */;
			projectDirPath = "";
			projectRoot = "";
			targets = (
				7C336B192924E79F00040705 /* learning */,
				7C336B282925017000040705 /* task3 */,
				7CB449CE2927FFD700CB70E1 /* task4 */,
				7CBB7A15292B8E2F007F5582 /* task5 */,
				7CBB7A20292BC551007F5582 /* task6 */,
				7CBB7A2B292BCDB8007F5582 /* task7 */,
				7C3F0786292CCE9C00353958 /* task8 */,
				7C3F0791292CE31100353958 /* task9 */,
				7C3F079C292CE70C00353958 /* task10 */,
				7C3F07A7292CFA8900353958 /* task11 */,
			);
		};
/* End PBXProject section */

/* Begin PBXSourcesBuildPhase section */
		7C336B162924E79F00040705 /* Sources */ = {
			isa = PBXSourcesBuildPhase;
			buildActionMask = 2147483647;
			files = (
				7C336B1E2924E79F00040705 /* main.swift in Sources */,
			);
			runOnlyForDeploymentPostprocessing = 0;
		};
		7C336B252925017000040705 /* Sources */ = {
			isa = PBXSourcesBuildPhase;
			buildActionMask = 2147483647;
			files = (
				7C336B2C2925017000040705 /* main.swift in Sources */,
			);
			runOnlyForDeploymentPostprocessing = 0;
		};
		7C3F0783292CCE9C00353958 /* Sources */ = {
			isa = PBXSourcesBuildPhase;
			buildActionMask = 2147483647;
			files = (
				7C3F078A292CCE9C00353958 /* main.swift in Sources */,
			);
			runOnlyForDeploymentPostprocessing = 0;
		};
		7C3F078E292CE31100353958 /* Sources */ = {
			isa = PBXSourcesBuildPhase;
			buildActionMask = 2147483647;
			files = (
				7C3F0795292CE31100353958 /* main.swift in Sources */,
			);
			runOnlyForDeploymentPostprocessing = 0;
		};
		7C3F0799292CE70C00353958 /* Sources */ = {
			isa = PBXSourcesBuildPhase;
			buildActionMask = 2147483647;
			files = (
				7C3F07A0292CE70C00353958 /* main.swift in Sources */,
			);
			runOnlyForDeploymentPostprocessing = 0;
		};
		7C3F07A4292CFA8900353958 /* Sources */ = {
			isa = PBXSourcesBuildPhase;
			buildActionMask = 2147483647;
			files = (
				7C3F07AB292CFA8900353958 /* main.swift in Sources */,
			);
			runOnlyForDeploymentPostprocessing = 0;
		};
		7CB449CB2927FFD700CB70E1 /* Sources */ = {
			isa = PBXSourcesBuildPhase;
			buildActionMask = 2147483647;
			files = (
				7CB449D22927FFD700CB70E1 /* main.swift in Sources */,
			);
			runOnlyForDeploymentPostprocessing = 0;
		};
		7CBB7A12292B8E2F007F5582 /* Sources */ = {
			isa = PBXSourcesBuildPhase;
			buildActionMask = 2147483647;
			files = (
				7CBB7A19292B8E2F007F5582 /* main.swift in Sources */,
			);
			runOnlyForDeploymentPostprocessing = 0;
		};
		7CBB7A1D292BC551007F5582 /* Sources */ = {
			isa = PBXSourcesBuildPhase;
			buildActionMask = 2147483647;
			files = (
				7CBB7A24292BC551007F5582 /* main.swift in Sources */,
			);
			runOnlyForDeploymentPostprocessing = 0;
		};
		7CBB7A28292BCDB8007F5582 /* Sources */ = {
			isa = PBXSourcesBuildPhase;
			buildActionMask = 2147483647;
			files = (
				7CBB7A2F292BCDB8007F5582 /* main.swift in Sources */,
			);
			runOnlyForDeploymentPostprocessing = 0;
		};
/* End PBXSourcesBuildPhase section */

/* Begin XCBuildConfiguration section */
		7C336B1F2924E79F00040705 /* Debug */ = {
			isa = XCBuildConfiguration;
			buildSettings = {
				ALWAYS_SEARCH_USER_PATHS = NO;
				CLANG_ANALYZER_NONNULL = YES;
				CLANG_ANALYZER_NUMBER_OBJECT_CONVERSION = YES_AGGRESSIVE;
				CLANG_CXX_LANGUAGE_STANDARD = "gnu++20";
				CLANG_ENABLE_MODULES = YES;
				CLANG_ENABLE_OBJC_ARC = YES;
				CLANG_ENABLE_OBJC_WEAK = YES;
				CLANG_WARN_BLOCK_CAPTURE_AUTORELEASING = YES;
				CLANG_WARN_BOOL_CONVERSION = YES;
				CLANG_WARN_COMMA = YES;
				CLANG_WARN_CONSTANT_CONVERSION = YES;
				CLANG_WARN_DEPRECATED_OBJC_IMPLEMENTATIONS = YES;
				CLANG_WARN_DIRECT_OBJC_ISA_USAGE = YES_ERROR;
				CLANG_WARN_DOCUMENTATION_COMMENTS = YES;
				CLANG_WARN_EMPTY_BODY = YES;
				CLANG_WARN_ENUM_CONVERSION = YES;
				CLANG_WARN_INFINITE_RECURSION = YES;
				CLANG_WARN_INT_CONVERSION = YES;
				CLANG_WARN_NON_LITERAL_NULL_CONVERSION = YES;
				CLANG_WARN_OBJC_IMPLICIT_RETAIN_SELF = YES;
				CLANG_WARN_OBJC_LITERAL_CONVERSION = YES;
				CLANG_WARN_OBJC_ROOT_CLASS = YES_ERROR;
				CLANG_WARN_QUOTED_INCLUDE_IN_FRAMEWORK_HEADER = YES;
				CLANG_WARN_RANGE_LOOP_ANALYSIS = YES;
				CLANG_WARN_STRICT_PROTOTYPES = YES;
				CLANG_WARN_SUSPICIOUS_MOVE = YES;
				CLANG_WARN_UNGUARDED_AVAILABILITY = YES_AGGRESSIVE;
				CLANG_WARN_UNREACHABLE_CODE = YES;
				CLANG_WARN__DUPLICATE_METHOD_MATCH = YES;
				COPY_PHASE_STRIP = NO;
				DEBUG_INFORMATION_FORMAT = dwarf;
				ENABLE_STRICT_OBJC_MSGSEND = YES;
				ENABLE_TESTABILITY = YES;
				GCC_C_LANGUAGE_STANDARD = gnu11;
				GCC_DYNAMIC_NO_PIC = NO;
				GCC_NO_COMMON_BLOCKS = YES;
				GCC_OPTIMIZATION_LEVEL = 0;
				GCC_PREPROCESSOR_DEFINITIONS = (
					"DEBUG=1",
					"$(inherited)",
				);
				GCC_WARN_64_TO_32_BIT_CONVERSION = YES;
				GCC_WARN_ABOUT_RETURN_TYPE = YES_ERROR;
				GCC_WARN_UNDECLARED_SELECTOR = YES;
				GCC_WARN_UNINITIALIZED_AUTOS = YES_AGGRESSIVE;
				GCC_WARN_UNUSED_FUNCTION = YES;
				GCC_WARN_UNUSED_VARIABLE = YES;
				MACOSX_DEPLOYMENT_TARGET = 13.0;
				MTL_ENABLE_DEBUG_INFO = INCLUDE_SOURCE;
				MTL_FAST_MATH = YES;
				ONLY_ACTIVE_ARCH = YES;
				SDKROOT = macosx;
				SWIFT_ACTIVE_COMPILATION_CONDITIONS = DEBUG;
				SWIFT_OPTIMIZATION_LEVEL = "-Onone";
			};
			name = Debug;
		};
		7C336B202924E79F00040705 /* Release */ = {
			isa = XCBuildConfiguration;
			buildSettings = {
				ALWAYS_SEARCH_USER_PATHS = NO;
				CLANG_ANALYZER_NONNULL = YES;
				CLANG_ANALYZER_NUMBER_OBJECT_CONVERSION = YES_AGGRESSIVE;
				CLANG_CXX_LANGUAGE_STANDARD = "gnu++20";
				CLANG_ENABLE_MODULES = YES;
				CLANG_ENABLE_OBJC_ARC = YES;
				CLANG_ENABLE_OBJC_WEAK = YES;
				CLANG_WARN_BLOCK_CAPTURE_AUTORELEASING = YES;
				CLANG_WARN_BOOL_CONVERSION = YES;
				CLANG_WARN_COMMA = YES;
				CLANG_WARN_CONSTANT_CONVERSION = YES;
				CLANG_WARN_DEPRECATED_OBJC_IMPLEMENTATIONS = YES;
				CLANG_WARN_DIRECT_OBJC_ISA_USAGE = YES_ERROR;
				CLANG_WARN_DOCUMENTATION_COMMENTS = YES;
				CLANG_WARN_EMPTY_BODY = YES;
				CLANG_WARN_ENUM_CONVERSION = YES;
				CLANG_WARN_INFINITE_RECURSION = YES;
				CLANG_WARN_INT_CONVERSION = YES;
				CLANG_WARN_NON_LITERAL_NULL_CONVERSION = YES;
				CLANG_WARN_OBJC_IMPLICIT_RETAIN_SELF = YES;
				CLANG_WARN_OBJC_LITERAL_CONVERSION = YES;
				CLANG_WARN_OBJC_ROOT_CLASS = YES_ERROR;
				CLANG_WARN_QUOTED_INCLUDE_IN_FRAMEWORK_HEADER = YES;
				CLANG_WARN_RANGE_LOOP_ANALYSIS = YES;
				CLANG_WARN_STRICT_PROTOTYPES = YES;
				CLANG_WARN_SUSPICIOUS_MOVE = YES;
				CLANG_WARN_UNGUARDED_AVAILABILITY = YES_AGGRESSIVE;
				CLANG_WARN_UNREACHABLE_CODE = YES;
				CLANG_WARN__DUPLICATE_METHOD_MATCH = YES;
				COPY_PHASE_STRIP = NO;
				DEBUG_INFORMATION_FORMAT = "dwarf-with-dsym";
				ENABLE_NS_ASSERTIONS = NO;
				ENABLE_STRICT_OBJC_MSGSEND = YES;
				GCC_C_LANGUAGE_STANDARD = gnu11;
				GCC_NO_COMMON_BLOCKS = YES;
				GCC_WARN_64_TO_32_BIT_CONVERSION = YES;
				GCC_WARN_ABOUT_RETURN_TYPE = YES_ERROR;
				GCC_WARN_UNDECLARED_SELECTOR = YES;
				GCC_WARN_UNINITIALIZED_AUTOS = YES_AGGRESSIVE;
				GCC_WARN_UNUSED_FUNCTION = YES;
				GCC_WARN_UNUSED_VARIABLE = YES;
				MACOSX_DEPLOYMENT_TARGET = 13.0;
				MTL_ENABLE_DEBUG_INFO = NO;
				MTL_FAST_MATH = YES;
				SDKROOT = macosx;
				SWIFT_COMPILATION_MODE = wholemodule;
				SWIFT_OPTIMIZATION_LEVEL = "-O";
			};
			name = Release;
		};
		7C336B222924E79F00040705 /* Debug */ = {
			isa = XCBuildConfiguration;
			buildSettings = {
				CODE_SIGN_STYLE = Automatic;
				PRODUCT_NAME = "$(TARGET_NAME)";
				SWIFT_VERSION = 5.0;
			};
			name = Debug;
		};
		7C336B232924E79F00040705 /* Release */ = {
			isa = XCBuildConfiguration;
			buildSettings = {
				CODE_SIGN_STYLE = Automatic;
				PRODUCT_NAME = "$(TARGET_NAME)";
				SWIFT_VERSION = 5.0;
			};
			name = Release;
		};
		7C336B2E2925017000040705 /* Debug */ = {
			isa = XCBuildConfiguration;
			buildSettings = {
				CODE_SIGN_STYLE = Automatic;
				PRODUCT_NAME = "$(TARGET_NAME)";
				SWIFT_VERSION = 5.0;
			};
			name = Debug;
		};
		7C336B2F2925017000040705 /* Release */ = {
			isa = XCBuildConfiguration;
			buildSettings = {
				CODE_SIGN_STYLE = Automatic;
				PRODUCT_NAME = "$(TARGET_NAME)";
				SWIFT_VERSION = 5.0;
			};
			name = Release;
		};
		7C3F078B292CCE9C00353958 /* Debug */ = {
			isa = XCBuildConfiguration;
			buildSettings = {
				CODE_SIGN_STYLE = Automatic;
				PRODUCT_NAME = "$(TARGET_NAME)";
				SWIFT_VERSION = 5.0;
			};
			name = Debug;
		};
		7C3F078C292CCE9C00353958 /* Release */ = {
			isa = XCBuildConfiguration;
			buildSettings = {
				CODE_SIGN_STYLE = Automatic;
				PRODUCT_NAME = "$(TARGET_NAME)";
				SWIFT_VERSION = 5.0;
			};
			name = Release;
		};
		7C3F0797292CE31100353958 /* Debug */ = {
			isa = XCBuildConfiguration;
			buildSettings = {
				CODE_SIGN_STYLE = Automatic;
				PRODUCT_NAME = "$(TARGET_NAME)";
				SWIFT_VERSION = 5.0;
			};
			name = Debug;
		};
		7C3F0798292CE31100353958 /* Release */ = {
			isa = XCBuildConfiguration;
			buildSettings = {
				CODE_SIGN_STYLE = Automatic;
				PRODUCT_NAME = "$(TARGET_NAME)";
				SWIFT_VERSION = 5.0;
			};
			name = Release;
		};
		7C3F07A2292CE70C00353958 /* Debug */ = {
			isa = XCBuildConfiguration;
			buildSettings = {
				CODE_SIGN_STYLE = Automatic;
				PRODUCT_NAME = "$(TARGET_NAME)";
				SWIFT_VERSION = 5.0;
			};
			name = Debug;
		};
		7C3F07A3292CE70C00353958 /* Release */ = {
			isa = XCBuildConfiguration;
			buildSettings = {
				CODE_SIGN_STYLE = Automatic;
				PRODUCT_NAME = "$(TARGET_NAME)";
				SWIFT_VERSION = 5.0;
			};
			name = Release;
		};
		7C3F07AD292CFA8900353958 /* Debug */ = {
			isa = XCBuildConfiguration;
			buildSettings = {
				CODE_SIGN_STYLE = Automatic;
				PRODUCT_NAME = "$(TARGET_NAME)";
				SWIFT_VERSION = 5.0;
			};
			name = Debug;
		};
		7C3F07AE292CFA8900353958 /* Release */ = {
			isa = XCBuildConfiguration;
			buildSettings = {
				CODE_SIGN_STYLE = Automatic;
				PRODUCT_NAME = "$(TARGET_NAME)";
				SWIFT_VERSION = 5.0;
			};
			name = Release;
		};
		7CB449D32927FFD700CB70E1 /* Debug */ = {
			isa = XCBuildConfiguration;
			buildSettings = {
				CODE_SIGN_STYLE = Automatic;
				PRODUCT_NAME = "$(TARGET_NAME)";
				SWIFT_VERSION = 5.0;
			};
			name = Debug;
		};
		7CB449D42927FFD700CB70E1 /* Release */ = {
			isa = XCBuildConfiguration;
			buildSettings = {
				CODE_SIGN_STYLE = Automatic;
				PRODUCT_NAME = "$(TARGET_NAME)";
				SWIFT_VERSION = 5.0;
			};
			name = Release;
		};
		7CBB7A1A292B8E2F007F5582 /* Debug */ = {
			isa = XCBuildConfiguration;
			buildSettings = {
				CODE_SIGN_STYLE = Automatic;
				PRODUCT_NAME = "$(TARGET_NAME)";
				SWIFT_VERSION = 5.0;
			};
			name = Debug;
		};
		7CBB7A1B292B8E2F007F5582 /* Release */ = {
			isa = XCBuildConfiguration;
			buildSettings = {
				CODE_SIGN_STYLE = Automatic;
				PRODUCT_NAME = "$(TARGET_NAME)";
				SWIFT_VERSION = 5.0;
			};
			name = Release;
		};
		7CBB7A25292BC551007F5582 /* Debug */ = {
			isa = XCBuildConfiguration;
			buildSettings = {
				CODE_SIGN_STYLE = Automatic;
				PRODUCT_NAME = "$(TARGET_NAME)";
				SWIFT_VERSION = 5.0;
			};
			name = Debug;
		};
		7CBB7A26292BC551007F5582 /* Release */ = {
			isa = XCBuildConfiguration;
			buildSettings = {
				CODE_SIGN_STYLE = Automatic;
				PRODUCT_NAME = "$(TARGET_NAME)";
				SWIFT_VERSION = 5.0;
			};
			name = Release;
		};
		7CBB7A31292BCDB8007F5582 /* Debug */ = {
			isa = XCBuildConfiguration;
			buildSettings = {
				CODE_SIGN_STYLE = Automatic;
				PRODUCT_NAME = "$(TARGET_NAME)";
				SWIFT_VERSION = 5.0;
			};
			name = Debug;
		};
		7CBB7A32292BCDB8007F5582 /* Release */ = {
			isa = XCBuildConfiguration;
			buildSettings = {
				CODE_SIGN_STYLE = Automatic;
				PRODUCT_NAME = "$(TARGET_NAME)";
				SWIFT_VERSION = 5.0;
			};
			name = Release;
		};
/* End XCBuildConfiguration section */

/* Begin XCConfigurationList section */
		7C336B152924E79F00040705 /* Build configuration list for PBXProject "learning" */ = {
			isa = XCConfigurationList;
			buildConfigurations = (
				7C336B1F2924E79F00040705 /* Debug */,
				7C336B202924E79F00040705 /* Release */,
			);
			defaultConfigurationIsVisible = 0;
			defaultConfigurationName = Release;
		};
		7C336B212924E79F00040705 /* Build configuration list for PBXNativeTarget "learning" */ = {
			isa = XCConfigurationList;
			buildConfigurations = (
				7C336B222924E79F00040705 /* Debug */,
				7C336B232924E79F00040705 /* Release */,
			);
			defaultConfigurationIsVisible = 0;
			defaultConfigurationName = Release;
		};
		7C336B2D2925017000040705 /* Build configuration list for PBXNativeTarget "task3" */ = {
			isa = XCConfigurationList;
			buildConfigurations = (
				7C336B2E2925017000040705 /* Debug */,
				7C336B2F2925017000040705 /* Release */,
			);
			defaultConfigurationIsVisible = 0;
			defaultConfigurationName = Release;
		};
		7C3F078D292CCE9C00353958 /* Build configuration list for PBXNativeTarget "task8" */ = {
			isa = XCConfigurationList;
			buildConfigurations = (
				7C3F078B292CCE9C00353958 /* Debug */,
				7C3F078C292CCE9C00353958 /* Release */,
			);
			defaultConfigurationIsVisible = 0;
			defaultConfigurationName = Release;
		};
		7C3F0796292CE31100353958 /* Build configuration list for PBXNativeTarget "task9" */ = {
			isa = XCConfigurationList;
			buildConfigurations = (
				7C3F0797292CE31100353958 /* Debug */,
				7C3F0798292CE31100353958 /* Release */,
			);
			defaultConfigurationIsVisible = 0;
			defaultConfigurationName = Release;
		};
		7C3F07A1292CE70C00353958 /* Build configuration list for PBXNativeTarget "task10" */ = {
			isa = XCConfigurationList;
			buildConfigurations = (
				7C3F07A2292CE70C00353958 /* Debug */,
				7C3F07A3292CE70C00353958 /* Release */,
			);
			defaultConfigurationIsVisible = 0;
			defaultConfigurationName = Release;
		};
		7C3F07AC292CFA8900353958 /* Build configuration list for PBXNativeTarget "task11" */ = {
			isa = XCConfigurationList;
			buildConfigurations = (
				7C3F07AD292CFA8900353958 /* Debug */,
				7C3F07AE292CFA8900353958 /* Release */,
			);
			defaultConfigurationIsVisible = 0;
			defaultConfigurationName = Release;
		};
		7CB449D52927FFD700CB70E1 /* Build configuration list for PBXNativeTarget "task4" */ = {
			isa = XCConfigurationList;
			buildConfigurations = (
				7CB449D32927FFD700CB70E1 /* Debug */,
				7CB449D42927FFD700CB70E1 /* Release */,
			);
			defaultConfigurationIsVisible = 0;
			defaultConfigurationName = Release;
		};
		7CBB7A1C292B8E2F007F5582 /* Build configuration list for PBXNativeTarget "task5" */ = {
			isa = XCConfigurationList;
			buildConfigurations = (
				7CBB7A1A292B8E2F007F5582 /* Debug */,
				7CBB7A1B292B8E2F007F5582 /* Release */,
			);
			defaultConfigurationIsVisible = 0;
			defaultConfigurationName = Release;
		};
		7CBB7A27292BC551007F5582 /* Build configuration list for PBXNativeTarget "task6" */ = {
			isa = XCConfigurationList;
			buildConfigurations = (
				7CBB7A25292BC551007F5582 /* Debug */,
				7CBB7A26292BC551007F5582 /* Release */,
			);
			defaultConfigurationIsVisible = 0;
			defaultConfigurationName = Release;
		};
		7CBB7A30292BCDB8007F5582 /* Build configuration list for PBXNativeTarget "task7" */ = {
			isa = XCConfigurationList;
			buildConfigurations = (
				7CBB7A31292BCDB8007F5582 /* Debug */,
				7CBB7A32292BCDB8007F5582 /* Release */,
			);
			defaultConfigurationIsVisible = 0;
			defaultConfigurationName = Release;
		};
/* End XCConfigurationList section */
	};
	rootObject = 7C336B122924E79F00040705 /* Project object */;
}
